
Microsoft Visual Studio Solution File, Format Version 12.00
# Visual Studio Version 17
VisualStudioVersion = 17.12.35527.113
MinimumVisualStudioVersion = 10.0.40219.1
Project("{8BC9CEB8-8B4A-11D0-8D11-00A0C91BC942}") = "Engine", "Engine\Engine.vcxproj", "{263D0A89-5AE1-4F0B-A4B2-D15D3235B678}"
EndProject
Project("{8BC9CEB8-8B4A-11D0-8D11-00A0C91BC942}") = "Packager", "Packager\Packager.vcxproj", "{776398E5-306F-4DEC-82AD-5A823D7B9BA3}"
EndProject
Project("{8BC9CEB8-8B4A-11D0-8D11-00A0C91BC942}") = "fastgltf", "libs\fastgltf\build\fastgltf.vcxproj", "{7B86B1E5-5648-3CC2-A377-063A7C9D37AE}"
EndProject
Global
	GlobalSection(SolutionConfigurationPlatforms) = preSolution
		Debug|x64 = Debug|x64
		Debug|x86 = Debug|x86
		Profile|x64 = Profile|x64
		Profile|x86 = Profile|x86
		Release|x64 = Release|x64
		Release|x86 = Release|x86
		Renderdoc|x64 = Renderdoc|x64
		Renderdoc|x86 = Renderdoc|x86
	EndGlobalSection
	GlobalSection(ProjectConfigurationPlatforms) = postSolution
		{263D0A89-5AE1-4F0B-A4B2-D15D3235B678}.Debug|x64.ActiveCfg = Debug|x64
		{263D0A89-5AE1-4F0B-A4B2-D15D3235B678}.Debug|x64.Build.0 = Debug|x64
		{263D0A89-5AE1-4F0B-A4B2-D15D3235B678}.Debug|x86.ActiveCfg = Debug|Win32
		{263D0A89-5AE1-4F0B-A4B2-D15D3235B678}.Debug|x86.Build.0 = Debug|Win32
		{263D0A89-5AE1-4F0B-A4B2-D15D3235B678}.Profile|x64.ActiveCfg = Profile|x64
		{263D0A89-5AE1-4F0B-A4B2-D15D3235B678}.Profile|x64.Build.0 = Profile|x64
		{263D0A89-5AE1-4F0B-A4B2-D15D3235B678}.Profile|x86.ActiveCfg = Profile|Win32
		{263D0A89-5AE1-4F0B-A4B2-D15D3235B678}.Profile|x86.Build.0 = Profile|Win32
		{263D0A89-5AE1-4F0B-A4B2-D15D3235B678}.Release|x64.ActiveCfg = Release|x64
		{263D0A89-5AE1-4F0B-A4B2-D15D3235B678}.Release|x64.Build.0 = Release|x64
		{263D0A89-5AE1-4F0B-A4B2-D15D3235B678}.Release|x86.ActiveCfg = Release|Win32
		{263D0A89-5AE1-4F0B-A4B2-D15D3235B678}.Release|x86.Build.0 = Release|Win32
		{263D0A89-5AE1-4F0B-A4B2-D15D3235B678}.Renderdoc|x64.ActiveCfg = Renderdoc|x64
		{263D0A89-5AE1-4F0B-A4B2-D15D3235B678}.Renderdoc|x64.Build.0 = Renderdoc|x64
		{263D0A89-5AE1-4F0B-A4B2-D15D3235B678}.Renderdoc|x86.ActiveCfg = Renderdoc|Win32
		{263D0A89-5AE1-4F0B-A4B2-D15D3235B678}.Renderdoc|x86.Build.0 = Renderdoc|Win32
		{776398E5-306F-4DEC-82AD-5A823D7B9BA3}.Debug|x64.ActiveCfg = Debug|x64
		{776398E5-306F-4DEC-82AD-5A823D7B9BA3}.Debug|x64.Build.0 = Debug|x64
		{776398E5-306F-4DEC-82AD-5A823D7B9BA3}.Debug|x86.ActiveCfg = Debug|Win32
		{776398E5-306F-4DEC-82AD-5A823D7B9BA3}.Debug|x86.Build.0 = Debug|Win32
		{776398E5-306F-4DEC-82AD-5A823D7B9BA3}.Profile|x64.ActiveCfg = Debug|x64
		{776398E5-306F-4DEC-82AD-5A823D7B9BA3}.Profile|x64.Build.0 = Debug|x64
		{776398E5-306F-4DEC-82AD-5A823D7B9BA3}.Profile|x86.ActiveCfg = Debug|Win32
		{776398E5-306F-4DEC-82AD-5A823D7B9BA3}.Profile|x86.Build.0 = Debug|Win32
		{776398E5-306F-4DEC-82AD-5A823D7B9BA3}.Release|x64.ActiveCfg = Release|x64
		{776398E5-306F-4DEC-82AD-5A823D7B9BA3}.Release|x64.Build.0 = Release|x64
		{776398E5-306F-4DEC-82AD-5A823D7B9BA3}.Release|x86.ActiveCfg = Release|Win32
		{776398E5-306F-4DEC-82AD-5A823D7B9BA3}.Release|x86.Build.0 = Release|Win32
		{776398E5-306F-4DEC-82AD-5A823D7B9BA3}.Renderdoc|x64.ActiveCfg = Renderdoc|x64
		{776398E5-306F-4DEC-82AD-5A823D7B9BA3}.Renderdoc|x64.Build.0 = Renderdoc|x64
		{776398E5-306F-4DEC-82AD-5A823D7B9BA3}.Renderdoc|x86.ActiveCfg = Renderdoc|Win32
		{776398E5-306F-4DEC-82AD-5A823D7B9BA3}.Renderdoc|x86.Build.0 = Renderdoc|Win32
		{7B86B1E5-5648-3CC2-A377-063A7C9D37AE}.Debug|x64.ActiveCfg = Debug|x64
		{7B86B1E5-5648-3CC2-A377-063A7C9D37AE}.Debug|x64.Build.0 = Debug|x64
		{7B86B1E5-5648-3CC2-A377-063A7C9D37AE}.Debug|x86.ActiveCfg = Debug|x64
		{7B86B1E5-5648-3CC2-A377-063A7C9D37AE}.Debug|x86.Build.0 = Debug|x64
		{7B86B1E5-5648-3CC2-A377-063A7C9D37AE}.Profile|x64.ActiveCfg = Debug|x64
		{7B86B1E5-5648-3CC2-A377-063A7C9D37AE}.Profile|x64.Build.0 = Debug|x64
		{7B86B1E5-5648-3CC2-A377-063A7C9D37AE}.Profile|x86.ActiveCfg = Debug|x64
		{7B86B1E5-5648-3CC2-A377-063A7C9D37AE}.Profile|x86.Build.0 = Debug|x64
		{7B86B1E5-5648-3CC2-A377-063A7C9D37AE}.Release|x64.ActiveCfg = Release|x64
		{7B86B1E5-5648-3CC2-A377-063A7C9D37AE}.Release|x64.Build.0 = Release|x64
		{7B86B1E5-5648-3CC2-A377-063A7C9D37AE}.Release|x86.ActiveCfg = Release|x64
		{7B86B1E5-5648-3CC2-A377-063A7C9D37AE}.Release|x86.Build.0 = Release|x64
		{7B86B1E5-5648-3CC2-A377-063A7C9D37AE}.Renderdoc|x64.ActiveCfg = RelWithDebInfo|x64
		{7B86B1E5-5648-3CC2-A377-063A7C9D37AE}.Renderdoc|x64.Build.0 = RelWithDebInfo|x64
		{7B86B1E5-5648-3CC2-A377-063A7C9D37AE}.Renderdoc|x86.ActiveCfg = RelWithDebInfo|x64
		{7B86B1E5-5648-3CC2-A377-063A7C9D37AE}.Renderdoc|x86.Build.0 = RelWithDebInfo|x64
	EndGlobalSection
	GlobalSection(SolutionProperties) = preSolution
		HideSolutionNode = FALSE
	EndGlobalSection
EndGlobal
